
Microsoft Visual Studio Solution File, Format Version 12.00
# Visual Studio 15
VisualStudioVersion = 15.0.28010.2046
MinimumVisualStudioVersion = 10.0.40219.1
Project("{FAE04EC0-301F-11D3-BF4B-00C04F79EFBC}") = "MI_RabbitMQ_Consumer", "MI_RabbitMQ_Consumer\MI_RabbitMQ_Consumer.csproj", "{C9539966-CF30-421C-A6D4-42D4431701D5}"
EndProject
Global
	GlobalSection(SolutionConfigurationPlatforms) = preSolution
		Debug|Any CPU = Debug|Any CPU
		Release|Any CPU = Release|Any CPU
	EndGlobalSection
	GlobalSection(ProjectConfigurationPlatforms) = postSolution
		{C9539966-CF30-421C-A6D4-42D4431701D5}.Debug|Any CPU.ActiveCfg = Debug|Any CPU
		{C9539966-CF30-421C-A6D4-42D4431701D5}.Debug|Any CPU.Build.0 = Debug|Any CPU
		{C9539966-CF30-421C-A6D4-42D4431701D5}.Release|Any CPU.ActiveCfg = Release|Any CPU
		{C9539966-CF30-421C-A6D4-42D4431701D5}.Release|Any CPU.Build.0 = Release|Any CPU
	EndGlobalSection
	GlobalSection(SolutionProperties) = preSolution
		HideSolutionNode = FALSE
	EndGlobalSection
	GlobalSection(ExtensibilityGlobals) = postSolution
		SolutionGuid = {3DD0C3BB-F365-4423-8B20-4E6C2F71771F}
	EndGlobalSection
EndGlobal
