
Microsoft Visual Studio Solution File, Format Version 12.00
# Visual Studio 15
VisualStudioVersion = 15.0.28010.2046
MinimumVisualStudioVersion = 10.0.40219.1
Project("{9A19103F-16F7-4668-BE54-9A1E7A4F7556}") = "MI.MQStationServer", "MI.MQStationServer\MI.MQStationServer.csproj", "{5C8A3C70-934C-46F4-AA10-5C27873CFDA4}"
EndProject
Project("{FAE04EC0-301F-11D3-BF4B-00C04F79EFBC}") = "MI.MQStationServer.Model", "MI.MQStationServer.Model\MI.MQStationServer.Model.csproj", "{8C2C4B23-AEA2-462F-A8E6-2048AC97AAF2}"
EndProject
Global
	GlobalSection(SolutionConfigurationPlatforms) = preSolution
		Debug|Any CPU = Debug|Any CPU
		Release|Any CPU = Release|Any CPU
	EndGlobalSection
	GlobalSection(ProjectConfigurationPlatforms) = postSolution
		{5C8A3C70-934C-46F4-AA10-5C27873CFDA4}.Debug|Any CPU.ActiveCfg = Debug|Any CPU
		{5C8A3C70-934C-46F4-AA10-5C27873CFDA4}.Debug|Any CPU.Build.0 = Debug|Any CPU
		{5C8A3C70-934C-46F4-AA10-5C27873CFDA4}.Release|Any CPU.ActiveCfg = Release|Any CPU
		{5C8A3C70-934C-46F4-AA10-5C27873CFDA4}.Release|Any CPU.Build.0 = Release|Any CPU
		{8C2C4B23-AEA2-462F-A8E6-2048AC97AAF2}.Debug|Any CPU.ActiveCfg = Debug|Any CPU
		{8C2C4B23-AEA2-462F-A8E6-2048AC97AAF2}.Debug|Any CPU.Build.0 = Debug|Any CPU
		{8C2C4B23-AEA2-462F-A8E6-2048AC97AAF2}.Release|Any CPU.ActiveCfg = Release|Any CPU
		{8C2C4B23-AEA2-462F-A8E6-2048AC97AAF2}.Release|Any CPU.Build.0 = Release|Any CPU
	EndGlobalSection
	GlobalSection(SolutionProperties) = preSolution
		HideSolutionNode = FALSE
	EndGlobalSection
	GlobalSection(ExtensibilityGlobals) = postSolution
		SolutionGuid = {5DE7D417-BD7B-4357-91D1-D6D93F0C7941}
	EndGlobalSection
EndGlobal
