
Microsoft Visual Studio Solution File, Format Version 12.00
# Visual Studio 15
VisualStudioVersion = 15.0.28010.2046
MinimumVisualStudioVersion = 10.0.40219.1
Project("{9A19103F-16F7-4668-BE54-9A1E7A4F7556}") = "MI.Service.Account", "MI.Service.Account\MI.Service.Account.csproj", "{6883E131-2139-466B-BF24-6976062FB95D}"
EndProject
Project("{9A19103F-16F7-4668-BE54-9A1E7A4F7556}") = "MI.Service.Account.Entity", "MI.Service.Identity.Entity\MI.Service.Account.Entity.csproj", "{000D90E0-95CF-4417-AEA3-B3179F5F2BFF}"
EndProject
Project("{9A19103F-16F7-4668-BE54-9A1E7A4F7556}") = "MI.Service.Account.Model", "MI.Service.Account.Model\MI.Service.Account.Model.csproj", "{BC633DD2-21AC-44CC-8CDB-1672DBACC901}"
EndProject
Global
	GlobalSection(SolutionConfigurationPlatforms) = preSolution
		Debug|Any CPU = Debug|Any CPU
		Release|Any CPU = Release|Any CPU
	EndGlobalSection
	GlobalSection(ProjectConfigurationPlatforms) = postSolution
		{6883E131-2139-466B-BF24-6976062FB95D}.Debug|Any CPU.ActiveCfg = Debug|Any CPU
		{6883E131-2139-466B-BF24-6976062FB95D}.Debug|Any CPU.Build.0 = Debug|Any CPU
		{6883E131-2139-466B-BF24-6976062FB95D}.Release|Any CPU.ActiveCfg = Release|Any CPU
		{6883E131-2139-466B-BF24-6976062FB95D}.Release|Any CPU.Build.0 = Release|Any CPU
		{000D90E0-95CF-4417-AEA3-B3179F5F2BFF}.Debug|Any CPU.ActiveCfg = Debug|Any CPU
		{000D90E0-95CF-4417-AEA3-B3179F5F2BFF}.Debug|Any CPU.Build.0 = Debug|Any CPU
		{000D90E0-95CF-4417-AEA3-B3179F5F2BFF}.Release|Any CPU.ActiveCfg = Release|Any CPU
		{000D90E0-95CF-4417-AEA3-B3179F5F2BFF}.Release|Any CPU.Build.0 = Release|Any CPU
		{BC633DD2-21AC-44CC-8CDB-1672DBACC901}.Debug|Any CPU.ActiveCfg = Debug|Any CPU
		{BC633DD2-21AC-44CC-8CDB-1672DBACC901}.Debug|Any CPU.Build.0 = Debug|Any CPU
		{BC633DD2-21AC-44CC-8CDB-1672DBACC901}.Release|Any CPU.ActiveCfg = Release|Any CPU
		{BC633DD2-21AC-44CC-8CDB-1672DBACC901}.Release|Any CPU.Build.0 = Release|Any CPU
	EndGlobalSection
	GlobalSection(SolutionProperties) = preSolution
		HideSolutionNode = FALSE
	EndGlobalSection
	GlobalSection(ExtensibilityGlobals) = postSolution
		SolutionGuid = {882234FE-AD4C-4EEA-BFD4-80FB4D12B59C}
	EndGlobalSection
EndGlobal
